{
  "name": "tp1_binary_trees",
  "lockfileVersion": 3,
  "requires": true,
  "packages": {
    "": {
      "devDependencies": {
        "@types/node": "^20.3.2"
      }
    },
    "node_modules/@types/node": {
      "version": "20.3.2",
      "resolved": "http://192.168.196.26:8081/repository/publicNpm/@types/node/-/node-20.3.2.tgz",
      "integrity": "sha512-vOBLVQeCQfIcF/2Y7eKFTqrMnizK5lRNQ7ykML/5RuwVXVWxYkgwS7xbt4B6fKCUPgbSL5FSsjHQpaGQP/dQmw==",
      "dev": true,
      "license": "MIT"
    }
  }
}
